<?xml version="1.0" encoding="utf-8"?>
<Project ToolsVersion="4.0" xmlns="http://schemas.microsoft.com/developer/msbuild/2003">
  <ItemGroup>
    <Filter Include="Resource Files">
      <UniqueIdentifier>{67DA6AB6-F800-4c08-8B7A-83BB121AAD01}</UniqueIdentifier>
      <Extensions>rc;ico;cur;bmp;dlg;rc2;rct;bin;rgs;gif;jpg;jpeg;jpe;resx;tiff;tif;png;wav;mfcribbon-ms</Extensions>
    </Filter>
    <Filter Include="FrameWork">
      <UniqueIdentifier>{6d6a38c1-285a-4410-80e2-482991380f0b}</UniqueIdentifier>
    </Filter>
    <Filter Include="Object">
      <UniqueIdentifier>{8091422d-833b-471f-b0be-6b618ba5dac2}</UniqueIdentifier>
    </Filter>
    <Filter Include="QuadTree">
      <UniqueIdentifier>{cf63458c-0c44-486a-8df0-454baeafa81d}</UniqueIdentifier>
    </Filter>
    <Filter Include="FrameWork\Camera">
      <UniqueIdentifier>{8cbefbf6-ebd5-4ec7-a970-6b7fb85c4d27}</UniqueIdentifier>
    </Filter>
    <Filter Include="FrameWork\Input">
      <UniqueIdentifier>{e11e6457-c18a-4aa9-bdbe-46e2aaf61de7}</UniqueIdentifier>
    </Filter>
    <Filter Include="FrameWork\GamePlay">
      <UniqueIdentifier>{2edd8320-6de2-4017-b0d2-4fb1fc2bab1f}</UniqueIdentifier>
    </Filter>
    <Filter Include="FrameWork\Sound">
      <UniqueIdentifier>{15ea74f6-7324-4b9f-9125-7d97fe34a3a1}</UniqueIdentifier>
    </Filter>
    <Filter Include="FrameWork\IGame">
      <UniqueIdentifier>{f25fd784-b8e7-42a8-9bd8-8e1cae73b552}</UniqueIdentifier>
    </Filter>
    <Filter Include="FrameWork\Text">
      <UniqueIdentifier>{f34e0108-1197-4e27-9eb5-9c6a42b84077}</UniqueIdentifier>
    </Filter>
    <Filter Include="Screen">
      <UniqueIdentifier>{8e7d4330-b9a7-4825-9cfc-9a14a7d42be4}</UniqueIdentifier>
    </Filter>
    <Filter Include="Map">
      <UniqueIdentifier>{5e4d00f6-dcce-47f1-857a-011d3f854063}</UniqueIdentifier>
    </Filter>
    <Filter Include="FrameWork\Timer">
      <UniqueIdentifier>{5b442341-d8b7-41c1-a6be-a4bad788b692}</UniqueIdentifier>
    </Filter>
    <Filter Include="FrameWork\Graphics">
      <UniqueIdentifier>{b67b4962-5098-463b-9098-cfbd476157d1}</UniqueIdentifier>
    </Filter>
  </ItemGroup>
  <ItemGroup>
    <ClInclude Include="loadMap.h">
      <Filter>Map</Filter>
    </ClInclude>
    <ClInclude Include="Camera.h">
      <Filter>FrameWork\Camera</Filter>
    </ClInclude>
    <ClInclude Include="GamePlay.h">
      <Filter>FrameWork\GamePlay</Filter>
    </ClInclude>
    <ClInclude Include="IGame.h">
      <Filter>FrameWork\IGame</Filter>
    </ClInclude>
    <ClInclude Include="Graphics.h">
      <Filter>FrameWork\Graphics</Filter>
    </ClInclude>
    <ClInclude Include="Input.h">
      <Filter>FrameWork\Input</Filter>
    </ClInclude>
    <ClInclude Include="Sprite.h">
      <Filter>FrameWork\Graphics</Filter>
    </ClInclude>
    <ClInclude Include="Globals.h">
      <Filter>FrameWork\Graphics</Filter>
    </ClInclude>
    <ClInclude Include="Animation.h">
      <Filter>FrameWork\Graphics</Filter>
    </ClInclude>
    <ClInclude Include="Define.h" />
    <ClInclude Include="Timer.h">
      <Filter>FrameWork\Timer</Filter>
    </ClInclude>
    <ClInclude Include="Texture.h">
      <Filter>FrameWork\Graphics</Filter>
    </ClInclude>
    <ClInclude Include="GameTime.h">
      <Filter>FrameWork\Graphics</Filter>
    </ClInclude>
    <ClInclude Include="TimeSpan.h">
      <Filter>FrameWork\Graphics</Filter>
    </ClInclude>
    <ClInclude Include="SoundManagement.h">
      <Filter>FrameWork\Sound</Filter>
    </ClInclude>
    <ClInclude Include="BaseObject.h">
      <Filter>Object</Filter>
    </ClInclude>
    <ClInclude Include="QNode.h">
      <Filter>QuadTree</Filter>
    </ClInclude>
    <ClInclude Include="QuadTree.h">
      <Filter>QuadTree</Filter>
    </ClInclude>
  </ItemGroup>
  <ItemGroup>
    <ClCompile Include="loadMap.cpp">
      <Filter>Map</Filter>
    </ClCompile>
    <ClCompile Include="Camera.cpp">
      <Filter>FrameWork\Camera</Filter>
    </ClCompile>
    <ClCompile Include="GamePlay.cpp">
      <Filter>FrameWork\GamePlay</Filter>
    </ClCompile>
    <ClCompile Include="IGame.cpp">
      <Filter>FrameWork\IGame</Filter>
    </ClCompile>
    <ClCompile Include="Input.cpp">
      <Filter>FrameWork\Input</Filter>
    </ClCompile>
    <ClCompile Include="Graphics.cpp">
      <Filter>FrameWork\Graphics</Filter>
    </ClCompile>
    <ClCompile Include="main.cpp" />
    <ClCompile Include="Sprite.cpp">
      <Filter>FrameWork\Graphics</Filter>
    </ClCompile>
    <ClCompile Include="Globals.cpp">
      <Filter>FrameWork\Graphics</Filter>
    </ClCompile>
    <ClCompile Include="Animation.cpp">
      <Filter>FrameWork\Graphics</Filter>
    </ClCompile>
    <ClCompile Include="Timer.cpp">
      <Filter>FrameWork\Timer</Filter>
    </ClCompile>
    <ClCompile Include="Texture.cpp">
      <Filter>FrameWork\Graphics</Filter>
    </ClCompile>
    <ClCompile Include="GameTime.cpp">
      <Filter>FrameWork\Graphics</Filter>
    </ClCompile>
    <ClCompile Include="TimeSpan.cpp">
      <Filter>FrameWork\Graphics</Filter>
    </ClCompile>
    <ClCompile Include="SoundManagement.cpp">
      <Filter>FrameWork\Sound</Filter>
    </ClCompile>
    <ClCompile Include="BaseObject.cpp">
      <Filter>Object</Filter>
    </ClCompile>
    <ClCompile Include="QNode.cpp">
      <Filter>QuadTree</Filter>
    </ClCompile>
    <ClCompile Include="QuadTree.cpp">
      <Filter>QuadTree</Filter>
    </ClCompile>
  </ItemGroup>
</Project>