<?xml version="1.0" encoding="utf-8"?>
<Project ToolsVersion="4.0" xmlns="http://schemas.microsoft.com/developer/msbuild/2003">
  <ItemGroup>
    <ClCompile Include="BaseObject.cpp" />
    <ClCompile Include="Box.cpp" />
    <ClCompile Include="Camera.cpp" />
    <ClCompile Include="Game.cpp" />
    <ClCompile Include="GameConfig.cpp" />
    <ClCompile Include="Ghost.cpp" />
    <ClCompile Include="Graphics.cpp" />
    <ClCompile Include="Ground.cpp" />
    <ClCompile Include="Input.cpp" />
    <ClCompile Include="Intro.cpp" />
    <ClCompile Include="main.cpp" />
    <ClCompile Include="Map.cpp" />
    <ClCompile Include="MapManager.cpp" />
    <ClCompile Include="Menu.cpp" />
    <ClCompile Include="QuadNode.cpp" />
    <ClCompile Include="Quadtree.cpp" />
    <ClCompile Include="Simon.cpp" />
    <ClCompile Include="Sprite.cpp" />
    <ClCompile Include="SweptAABB.cpp" />
    <ClCompile Include="SweptAABB.h" />
    <ClCompile Include="Texture.cpp" />
    <ClCompile Include="Tile.cpp" />
    <ClCompile Include="Windows.cpp" />
    <ClCompile Include="BlackKnight.cpp" />
    <ClCompile Include="World.cpp" />
    <ClCompile Include="Stair.cpp" />
    <ClCompile Include="dxaudio.cpp" />
    <ClCompile Include="Resources.cpp" />
    <ClCompile Include="Board.cpp" />
    <ClCompile Include="MedusaHead.cpp" />
    <ClCompile Include="FireCandle.cpp" />
    <ClCompile Include="Crossbar.cpp" />
    <ClCompile Include="BlockDoor.cpp" />
    <ClCompile Include="Trap.cpp" />
  </ItemGroup>
  <ItemGroup>
    <ClInclude Include="BaseObject.h" />
    <ClInclude Include="Box.h" />
    <ClInclude Include="Camera.h" />
    <ClInclude Include="CRectangle.h" />
    <ClInclude Include="Game.h" />
    <ClInclude Include="GameConfig.h" />
    <ClInclude Include="Ghost.h" />
    <ClInclude Include="Graphics.h" />
    <ClInclude Include="Ground.h" />
    <ClInclude Include="Input.h" />
    <ClInclude Include="Intro.h" />
    <ClInclude Include="Map.h" />
    <ClInclude Include="MapManager.h" />
    <ClInclude Include="Menu.h" />
    <ClInclude Include="QuadNode.h" />
    <ClInclude Include="Quadtree.h" />
    <ClInclude Include="Simon.h" />
    <ClInclude Include="Sprite.h" />
    <ClInclude Include="Texture.h" />
    <ClInclude Include="Tile.h" />
    <ClInclude Include="Windows.h" />
    <ClInclude Include="BlackKnight.h" />
    <ClInclude Include="World.h" />
    <ClInclude Include="mainDefine.h" />
    <ClInclude Include="Stair.h" />
    <ClInclude Include="dxaudio.h" />
    <ClInclude Include="Resources.h" />
    <ClInclude Include="Board.h" />
    <ClInclude Include="MedusaHead.h" />
    <ClInclude Include="FireCandle.h" />
    <ClInclude Include="Crossbar.h" />
    <ClInclude Include="BlockDoor.h" />
    <ClInclude Include="Trap.h" />
  </ItemGroup>
</Project>