<?xml version="1.0" encoding="utf-8"?>
<Project ToolsVersion="4.0" xmlns="http://schemas.microsoft.com/developer/msbuild/2003">
  <ItemGroup>
    <ClCompile Include="Ball.cpp" />
    <ClCompile Include="Bat.cpp" />
    <ClCompile Include="CGameTimeDx9.cpp" />
    <ClCompile Include="CTimeSpanDx9.cpp" />
    <ClCompile Include="Game.cpp" />
    <ClCompile Include="GAnimationDx9.cpp" />
    <ClCompile Include="GInputDx9.cpp" />
    <ClCompile Include="GMenuScene.cpp" />
    <ClCompile Include="GSceneManagerDx9.cpp" />
    <ClCompile Include="GSpriteDx9.cpp" />
    <ClCompile Include="GSurfaceDx9.cpp" />
    <ClCompile Include="GTextureDx9.cpp" />
    <ClCompile Include="Main.cpp" />
    <ClCompile Include="ObjectDirectX.cpp" />
  </ItemGroup>
  <ItemGroup>
    <ClInclude Include="Ball.h" />
    <ClInclude Include="Bat.h" />
    <ClInclude Include="CGameTimeDx9.h" />
    <ClInclude Include="CTimeSpanDx9.h" />
    <ClInclude Include="DefineMacro.h" />
    <ClInclude Include="DSutil.h" />
    <ClInclude Include="Game.h" />
    <ClInclude Include="GAnimationDx9.h" />
    <ClInclude Include="GInputDx9.h" />
    <ClInclude Include="GMenuScene.h" />
    <ClInclude Include="GSceneDx9.h" />
    <ClInclude Include="GSceneManagerDx9.h" />
    <ClInclude Include="GSpriteDx9.h" />
    <ClInclude Include="GSurfaceDx9.h" />
    <ClInclude Include="GTextureDx9.h" />
    <ClInclude Include="ObjectDirectX.h" />
    <ClInclude Include="Box.h" />
  </ItemGroup>
</Project>