<?xml version="1.0" encoding="utf-8"?>
<Project ToolsVersion="4.0" xmlns="http://schemas.microsoft.com/developer/msbuild/2003">
  <ItemGroup>
    <Filter Include="Source Files">
      <UniqueIdentifier>{4FC737F1-C7A5-4376-A066-2A32D752A2FF}</UniqueIdentifier>
      <Extensions>cpp;c;cc;cxx;def;odl;idl;hpj;bat;asm;asmx</Extensions>
    </Filter>
    <Filter Include="Header Files">
      <UniqueIdentifier>{93995380-89BD-4b04-88EB-625FBE52EBFB}</UniqueIdentifier>
      <Extensions>h;hpp;hxx;hm;inl;inc;xsd</Extensions>
    </Filter>
    <Filter Include="Resource Files">
      <UniqueIdentifier>{67DA6AB6-F800-4c08-8B7A-83BB121AAD01}</UniqueIdentifier>
      <Extensions>rc;ico;cur;bmp;dlg;rc2;rct;bin;rgs;gif;jpg;jpeg;jpe;resx;tiff;tif;png;wav;mfcribbon-ms</Extensions>
    </Filter>
    <Filter Include="Object">
      <UniqueIdentifier>{a94d4a2c-38c1-4029-a4c0-3c3447ecd80b}</UniqueIdentifier>
    </Filter>
  </ItemGroup>
  <ItemGroup>
    <ClInclude Include="CGameTimeDx9.h">
      <Filter>Header Files</Filter>
    </ClInclude>
    <ClInclude Include="CTimeSpanDx9.h">
      <Filter>Header Files</Filter>
    </ClInclude>
    <ClInclude Include="DefineMacro.h">
      <Filter>Header Files</Filter>
    </ClInclude>
    <ClInclude Include="DSutil.h">
      <Filter>Header Files</Filter>
    </ClInclude>
    <ClInclude Include="Game.h">
      <Filter>Header Files</Filter>
    </ClInclude>
    <ClInclude Include="GSurfaceDx9.h">
      <Filter>Header Files</Filter>
    </ClInclude>
    <ClInclude Include="GTextureDx9.h">
      <Filter>Header Files</Filter>
    </ClInclude>
    <ClInclude Include="GSpriteDx9.h">
      <Filter>Header Files</Filter>
    </ClInclude>
    <ClInclude Include="GAnimationDx9.h">
      <Filter>Header Files</Filter>
    </ClInclude>
    <ClInclude Include="GInputDx9.h">
      <Filter>Header Files</Filter>
    </ClInclude>
    <ClInclude Include="GMenuScene.h">
      <Filter>Header Files</Filter>
    </ClInclude>
    <ClInclude Include="GSceneDx9.h">
      <Filter>Header Files</Filter>
    </ClInclude>
    <ClInclude Include="GSceneManagerDx9.h">
      <Filter>Header Files</Filter>
    </ClInclude>
    <ClInclude Include="ObjectDirectX.h">
      <Filter>Object</Filter>
    </ClInclude>
    <ClInclude Include="Ball.h">
      <Filter>Header Files</Filter>
    </ClInclude>
  </ItemGroup>
  <ItemGroup>
    <ClCompile Include="CGameTimeDx9.cpp">
      <Filter>Source Files</Filter>
    </ClCompile>
    <ClCompile Include="CTimeSpanDx9.cpp">
      <Filter>Source Files</Filter>
    </ClCompile>
    <ClCompile Include="Game.cpp">
      <Filter>Source Files</Filter>
    </ClCompile>
    <ClCompile Include="GSurfaceDx9.cpp">
      <Filter>Source Files</Filter>
    </ClCompile>
    <ClCompile Include="GTextureDx9.cpp">
      <Filter>Source Files</Filter>
    </ClCompile>
    <ClCompile Include="GSpriteDx9.cpp">
      <Filter>Source Files</Filter>
    </ClCompile>
    <ClCompile Include="GAnimationDx9.cpp">
      <Filter>Source Files</Filter>
    </ClCompile>
    <ClCompile Include="GInputDx9.cpp">
      <Filter>Source Files</Filter>
    </ClCompile>
    <ClCompile Include="GMenuScene.cpp">
      <Filter>Source Files</Filter>
    </ClCompile>
    <ClCompile Include="GSceneManagerDx9.cpp">
      <Filter>Source Files</Filter>
    </ClCompile>
    <ClCompile Include="Main.cpp">
      <Filter>Source Files</Filter>
    </ClCompile>
    <ClCompile Include="ObjectDirectX.cpp">
      <Filter>Object</Filter>
    </ClCompile>
  </ItemGroup>
</Project>